
Microsoft Visual Studio Solution File, Format Version 10.00
# Visual C++ Express 2008
Project("{8BC9CEB8-8B4A-11D0-8D11-00A0C91BC942}") = "Europa", "Europa.vcproj", "{2DB15CF5-7261-4BF3-BB27-34480BE5A80C}"
EndProject
Global
	GlobalSection(SolutionConfigurationPlatforms) = preSolution
		Debug-dll|Win32 = Debug-dll|Win32
		Debug-static|Win32 = Debug-static|Win32
		Release-dll|Win32 = Release-dll|Win32
		Release-static|Win32 = Release-static|Win32
	EndGlobalSection
	GlobalSection(ProjectConfigurationPlatforms) = postSolution
		{2DB15CF5-7261-4BF3-BB27-34480BE5A80C}.Debug-dll|Win32.ActiveCfg = Debug|Win32
		{2DB15CF5-7261-4BF3-BB27-34480BE5A80C}.Debug-dll|Win32.Build.0 = Debug|Win32
		{2DB15CF5-7261-4BF3-BB27-34480BE5A80C}.Debug-static|Win32.ActiveCfg = Debug-static|Win32
		{2DB15CF5-7261-4BF3-BB27-34480BE5A80C}.Debug-static|Win32.Build.0 = Debug-static|Win32
		{2DB15CF5-7261-4BF3-BB27-34480BE5A80C}.Release-dll|Win32.ActiveCfg = Release-dll|Win32
		{2DB15CF5-7261-4BF3-BB27-34480BE5A80C}.Release-dll|Win32.Build.0 = Release-dll|Win32
		{2DB15CF5-7261-4BF3-BB27-34480BE5A80C}.Release-static|Win32.ActiveCfg = Release-static|Win32
		{2DB15CF5-7261-4BF3-BB27-34480BE5A80C}.Release-static|Win32.Build.0 = Release-static|Win32
	EndGlobalSection
	GlobalSection(SolutionProperties) = preSolution
		HideSolutionNode = FALSE
	EndGlobalSection
EndGlobal
