
Microsoft Visual Studio Solution File, Format Version 10.00
# Visual Studio 2008
Project("{8BC9CEB8-8B4A-11D0-8D11-00A0C91BC942}") = "EuropaFullSystemDll", "EuropaFullSystemDll.vcproj", "{FEC37688-413D-4745-920A-1A5F80ACC762}"
EndProject
Global
	GlobalSection(SolutionConfigurationPlatforms) = preSolution
		Debug|Win32 = Debug|Win32
		Release|Win32 = Release|Win32
	EndGlobalSection
	GlobalSection(ProjectConfigurationPlatforms) = postSolution
		{FEC37688-413D-4745-920A-1A5F80ACC762}.Debug|Win32.ActiveCfg = Debug|Win32
		{FEC37688-413D-4745-920A-1A5F80ACC762}.Debug|Win32.Build.0 = Debug|Win32
		{FEC37688-413D-4745-920A-1A5F80ACC762}.Release|Win32.ActiveCfg = Release|Win32
		{FEC37688-413D-4745-920A-1A5F80ACC762}.Release|Win32.Build.0 = Release|Win32
	EndGlobalSection
	GlobalSection(SolutionProperties) = preSolution
		HideSolutionNode = FALSE
	EndGlobalSection
EndGlobal
