
Microsoft Visual Studio Solution File, Format Version 10.00
# Visual C++ Express 2008
Project("{8BC9CEB8-8B4A-11D0-8D11-00A0C91BC942}") = "Utils", "src\PLASMA\Utils\Utils.vcproj", "{2CE3C494-FBCD-4A43-A01C-A41AD174122F}"
EndProject
Project("{8BC9CEB8-8B4A-11D0-8D11-00A0C91BC942}") = "TinyXml", "src\PLASMA\TinyXml\TinyXml.vcproj", "{2F943FFF-8040-4D62-8958-5AF72F786C33}"
EndProject
Project("{8BC9CEB8-8B4A-11D0-8D11-00A0C91BC942}") = "TemporalNetwork", "src\PLASMA\TemporalNetwork\TemporalNetwork.vcproj", "{C52614AE-3CA4-45E7-8E3E-F5DB4CF54633}"
EndProject
Project("{8BC9CEB8-8B4A-11D0-8D11-00A0C91BC942}") = "Solvers", "src\PLASMA\Solvers\Solvers.vcproj", "{DB16FBED-3587-41EE-B385-B1E6EB1E0AA2}"
	ProjectSection(ProjectDependencies) = postProject
		{2CE3C494-FBCD-4A43-A01C-A41AD174122F} = {2CE3C494-FBCD-4A43-A01C-A41AD174122F}
	EndProjectSection
EndProject
Project("{8BC9CEB8-8B4A-11D0-8D11-00A0C91BC942}") = "RulesEngine", "src\PLASMA\RulesEngine\RulesEngine.vcproj", "{B898C070-E039-4BFB-AD37-69F077872A19}"
EndProject
Project("{8BC9CEB8-8B4A-11D0-8D11-00A0C91BC942}") = "Resource", "src\PLASMA\Resource\Resource.vcproj", "{43A24C93-EAED-4102-A158-A85E63CF11FF}"
EndProject
Project("{8BC9CEB8-8B4A-11D0-8D11-00A0C91BC942}") = "PlanDatabase", "src\PLASMA\PlanDatabase\PlanDatabase.vcproj", "{03F3E21A-0F2E-42B4-BF0E-4F8B7EDBC906}"
EndProject
Project("{8BC9CEB8-8B4A-11D0-8D11-00A0C91BC942}") = "ConstraintEngine", "src\PLASMA\ConstraintEngine\ConstraintEngine.vcproj", "{97B4165C-08B3-452F-8184-DE7C20586C77}"
EndProject
Project("{8BC9CEB8-8B4A-11D0-8D11-00A0C91BC942}") = "NDDL", "src\PLASMA\NDDL\NDDL.vcproj", "{9EEA274D-6130-40CD-A32D-4669866BDBA1}"
EndProject
Project("{8BC9CEB8-8B4A-11D0-8D11-00A0C91BC942}") = "System", "src\PLASMA\System\SystemDll.vcproj", "{1DB2A409-8FEA-4786-9AB9-3917818FEE71}"
	ProjectSection(ProjectDependencies) = postProject
		{03F3E21A-0F2E-42B4-BF0E-4F8B7EDBC906} = {03F3E21A-0F2E-42B4-BF0E-4F8B7EDBC906}
		{9EEA274D-6130-40CD-A32D-4669866BDBA1} = {9EEA274D-6130-40CD-A32D-4669866BDBA1}
		{97B4165C-08B3-452F-8184-DE7C20586C77} = {97B4165C-08B3-452F-8184-DE7C20586C77}
		{B898C070-E039-4BFB-AD37-69F077872A19} = {B898C070-E039-4BFB-AD37-69F077872A19}
		{43A24C93-EAED-4102-A158-A85E63CF11FF} = {43A24C93-EAED-4102-A158-A85E63CF11FF}
		{2CE3C494-FBCD-4A43-A01C-A41AD174122F} = {2CE3C494-FBCD-4A43-A01C-A41AD174122F}
		{C52614AE-3CA4-45E7-8E3E-F5DB4CF54633} = {C52614AE-3CA4-45E7-8E3E-F5DB4CF54633}
		{DB16FBED-3587-41EE-B385-B1E6EB1E0AA2} = {DB16FBED-3587-41EE-B385-B1E6EB1E0AA2}
		{2F943FFF-8040-4D62-8958-5AF72F786C33} = {2F943FFF-8040-4D62-8958-5AF72F786C33}
	EndProjectSection
EndProject
Project("{8BC9CEB8-8B4A-11D0-8D11-00A0C91BC942}") = "DllTest", "examples\VS_Examples\DllTest.vcproj", "{4CC21857-4D58-4780-8CFD-8035A69D2EB8}"
EndProject
Global
	GlobalSection(SolutionConfigurationPlatforms) = preSolution
		Debug CLR|Any CPU = Debug CLR|Any CPU
		Debug CLR|Mixed Platforms = Debug CLR|Mixed Platforms
		Debug CLR|Win32 = Debug CLR|Win32
		Debug CLR|x64 = Debug CLR|x64
		Debug|Any CPU = Debug|Any CPU
		Debug|Mixed Platforms = Debug|Mixed Platforms
		Debug|Win32 = Debug|Win32
		Debug|x64 = Debug|x64
		Release|Any CPU = Release|Any CPU
		Release|Mixed Platforms = Release|Mixed Platforms
		Release|Win32 = Release|Win32
		Release|x64 = Release|x64
	EndGlobalSection
	GlobalSection(ProjectConfigurationPlatforms) = postSolution
		{2CE3C494-FBCD-4A43-A01C-A41AD174122F}.Debug CLR|Any CPU.ActiveCfg = Debug CLR|Win32
		{2CE3C494-FBCD-4A43-A01C-A41AD174122F}.Debug CLR|Mixed Platforms.ActiveCfg = Debug CLR|Win32
		{2CE3C494-FBCD-4A43-A01C-A41AD174122F}.Debug CLR|Mixed Platforms.Build.0 = Debug CLR|Win32
		{2CE3C494-FBCD-4A43-A01C-A41AD174122F}.Debug CLR|Win32.ActiveCfg = Debug CLR|Win32
		{2CE3C494-FBCD-4A43-A01C-A41AD174122F}.Debug CLR|Win32.Build.0 = Debug CLR|Win32
		{2CE3C494-FBCD-4A43-A01C-A41AD174122F}.Debug CLR|x64.ActiveCfg = Debug CLR|x64
		{2CE3C494-FBCD-4A43-A01C-A41AD174122F}.Debug CLR|x64.Build.0 = Debug CLR|x64
		{2CE3C494-FBCD-4A43-A01C-A41AD174122F}.Debug|Any CPU.ActiveCfg = Debug|Win32
		{2CE3C494-FBCD-4A43-A01C-A41AD174122F}.Debug|Mixed Platforms.ActiveCfg = Debug|Win32
		{2CE3C494-FBCD-4A43-A01C-A41AD174122F}.Debug|Mixed Platforms.Build.0 = Debug|Win32
		{2CE3C494-FBCD-4A43-A01C-A41AD174122F}.Debug|Win32.ActiveCfg = Debug|Win32
		{2CE3C494-FBCD-4A43-A01C-A41AD174122F}.Debug|Win32.Build.0 = Debug|Win32
		{2CE3C494-FBCD-4A43-A01C-A41AD174122F}.Debug|x64.ActiveCfg = Debug|Win32
		{2CE3C494-FBCD-4A43-A01C-A41AD174122F}.Debug|x64.Build.0 = Debug|Win32
		{2CE3C494-FBCD-4A43-A01C-A41AD174122F}.Release|Any CPU.ActiveCfg = Release|Win32
		{2CE3C494-FBCD-4A43-A01C-A41AD174122F}.Release|Mixed Platforms.ActiveCfg = Release|Win32
		{2CE3C494-FBCD-4A43-A01C-A41AD174122F}.Release|Mixed Platforms.Build.0 = Release|Win32
		{2CE3C494-FBCD-4A43-A01C-A41AD174122F}.Release|Win32.ActiveCfg = Release|Win32
		{2CE3C494-FBCD-4A43-A01C-A41AD174122F}.Release|Win32.Build.0 = Release|Win32
		{2CE3C494-FBCD-4A43-A01C-A41AD174122F}.Release|x64.ActiveCfg = Release|Win32
		{2CE3C494-FBCD-4A43-A01C-A41AD174122F}.Release|x64.Build.0 = Release|Win32
		{2F943FFF-8040-4D62-8958-5AF72F786C33}.Debug CLR|Any CPU.ActiveCfg = Debug CLR|Win32
		{2F943FFF-8040-4D62-8958-5AF72F786C33}.Debug CLR|Mixed Platforms.ActiveCfg = Debug CLR|Win32
		{2F943FFF-8040-4D62-8958-5AF72F786C33}.Debug CLR|Mixed Platforms.Build.0 = Debug CLR|Win32
		{2F943FFF-8040-4D62-8958-5AF72F786C33}.Debug CLR|Win32.ActiveCfg = Debug CLR|Win32
		{2F943FFF-8040-4D62-8958-5AF72F786C33}.Debug CLR|Win32.Build.0 = Debug CLR|Win32
		{2F943FFF-8040-4D62-8958-5AF72F786C33}.Debug CLR|x64.ActiveCfg = Debug CLR|x64
		{2F943FFF-8040-4D62-8958-5AF72F786C33}.Debug CLR|x64.Build.0 = Debug CLR|x64
		{2F943FFF-8040-4D62-8958-5AF72F786C33}.Debug|Any CPU.ActiveCfg = Debug|Win32
		{2F943FFF-8040-4D62-8958-5AF72F786C33}.Debug|Mixed Platforms.ActiveCfg = Debug|Win32
		{2F943FFF-8040-4D62-8958-5AF72F786C33}.Debug|Mixed Platforms.Build.0 = Debug|Win32
		{2F943FFF-8040-4D62-8958-5AF72F786C33}.Debug|Win32.ActiveCfg = Debug|Win32
		{2F943FFF-8040-4D62-8958-5AF72F786C33}.Debug|Win32.Build.0 = Debug|Win32
		{2F943FFF-8040-4D62-8958-5AF72F786C33}.Debug|x64.ActiveCfg = Debug|Win32
		{2F943FFF-8040-4D62-8958-5AF72F786C33}.Debug|x64.Build.0 = Debug|Win32
		{2F943FFF-8040-4D62-8958-5AF72F786C33}.Release|Any CPU.ActiveCfg = Release|Win32
		{2F943FFF-8040-4D62-8958-5AF72F786C33}.Release|Mixed Platforms.ActiveCfg = Release|Win32
		{2F943FFF-8040-4D62-8958-5AF72F786C33}.Release|Mixed Platforms.Build.0 = Release|Win32
		{2F943FFF-8040-4D62-8958-5AF72F786C33}.Release|Win32.ActiveCfg = Release|Win32
		{2F943FFF-8040-4D62-8958-5AF72F786C33}.Release|Win32.Build.0 = Release|Win32
		{2F943FFF-8040-4D62-8958-5AF72F786C33}.Release|x64.ActiveCfg = Release|Win32
		{2F943FFF-8040-4D62-8958-5AF72F786C33}.Release|x64.Build.0 = Release|Win32
		{C52614AE-3CA4-45E7-8E3E-F5DB4CF54633}.Debug CLR|Any CPU.ActiveCfg = Debug CLR|Win32
		{C52614AE-3CA4-45E7-8E3E-F5DB4CF54633}.Debug CLR|Mixed Platforms.ActiveCfg = Debug CLR|Win32
		{C52614AE-3CA4-45E7-8E3E-F5DB4CF54633}.Debug CLR|Mixed Platforms.Build.0 = Debug CLR|Win32
		{C52614AE-3CA4-45E7-8E3E-F5DB4CF54633}.Debug CLR|Win32.ActiveCfg = Debug CLR|Win32
		{C52614AE-3CA4-45E7-8E3E-F5DB4CF54633}.Debug CLR|Win32.Build.0 = Debug CLR|Win32
		{C52614AE-3CA4-45E7-8E3E-F5DB4CF54633}.Debug CLR|x64.ActiveCfg = Debug CLR|x64
		{C52614AE-3CA4-45E7-8E3E-F5DB4CF54633}.Debug CLR|x64.Build.0 = Debug CLR|x64
		{C52614AE-3CA4-45E7-8E3E-F5DB4CF54633}.Debug|Any CPU.ActiveCfg = Debug|Win32
		{C52614AE-3CA4-45E7-8E3E-F5DB4CF54633}.Debug|Mixed Platforms.ActiveCfg = Debug|Win32
		{C52614AE-3CA4-45E7-8E3E-F5DB4CF54633}.Debug|Mixed Platforms.Build.0 = Debug|Win32
		{C52614AE-3CA4-45E7-8E3E-F5DB4CF54633}.Debug|Win32.ActiveCfg = Debug|Win32
		{C52614AE-3CA4-45E7-8E3E-F5DB4CF54633}.Debug|Win32.Build.0 = Debug|Win32
		{C52614AE-3CA4-45E7-8E3E-F5DB4CF54633}.Debug|x64.ActiveCfg = Debug|Win32
		{C52614AE-3CA4-45E7-8E3E-F5DB4CF54633}.Debug|x64.Build.0 = Debug|Win32
		{C52614AE-3CA4-45E7-8E3E-F5DB4CF54633}.Release|Any CPU.ActiveCfg = Release|Win32
		{C52614AE-3CA4-45E7-8E3E-F5DB4CF54633}.Release|Mixed Platforms.ActiveCfg = Release|Win32
		{C52614AE-3CA4-45E7-8E3E-F5DB4CF54633}.Release|Mixed Platforms.Build.0 = Release|Win32
		{C52614AE-3CA4-45E7-8E3E-F5DB4CF54633}.Release|Win32.ActiveCfg = Release|Win32
		{C52614AE-3CA4-45E7-8E3E-F5DB4CF54633}.Release|Win32.Build.0 = Release|Win32
		{C52614AE-3CA4-45E7-8E3E-F5DB4CF54633}.Release|x64.ActiveCfg = Release|Win32
		{C52614AE-3CA4-45E7-8E3E-F5DB4CF54633}.Release|x64.Build.0 = Release|Win32
		{DB16FBED-3587-41EE-B385-B1E6EB1E0AA2}.Debug CLR|Any CPU.ActiveCfg = Debug CLR|Win32
		{DB16FBED-3587-41EE-B385-B1E6EB1E0AA2}.Debug CLR|Mixed Platforms.ActiveCfg = Debug CLR|Win32
		{DB16FBED-3587-41EE-B385-B1E6EB1E0AA2}.Debug CLR|Mixed Platforms.Build.0 = Debug CLR|Win32
		{DB16FBED-3587-41EE-B385-B1E6EB1E0AA2}.Debug CLR|Win32.ActiveCfg = Debug CLR|Win32
		{DB16FBED-3587-41EE-B385-B1E6EB1E0AA2}.Debug CLR|Win32.Build.0 = Debug CLR|Win32
		{DB16FBED-3587-41EE-B385-B1E6EB1E0AA2}.Debug CLR|x64.ActiveCfg = Debug CLR|x64
		{DB16FBED-3587-41EE-B385-B1E6EB1E0AA2}.Debug CLR|x64.Build.0 = Debug CLR|x64
		{DB16FBED-3587-41EE-B385-B1E6EB1E0AA2}.Debug|Any CPU.ActiveCfg = Debug|Win32
		{DB16FBED-3587-41EE-B385-B1E6EB1E0AA2}.Debug|Mixed Platforms.ActiveCfg = Debug|Win32
		{DB16FBED-3587-41EE-B385-B1E6EB1E0AA2}.Debug|Mixed Platforms.Build.0 = Debug|Win32
		{DB16FBED-3587-41EE-B385-B1E6EB1E0AA2}.Debug|Win32.ActiveCfg = Debug|Win32
		{DB16FBED-3587-41EE-B385-B1E6EB1E0AA2}.Debug|Win32.Build.0 = Debug|Win32
		{DB16FBED-3587-41EE-B385-B1E6EB1E0AA2}.Debug|x64.ActiveCfg = Debug|Win32
		{DB16FBED-3587-41EE-B385-B1E6EB1E0AA2}.Debug|x64.Build.0 = Debug|Win32
		{DB16FBED-3587-41EE-B385-B1E6EB1E0AA2}.Release|Any CPU.ActiveCfg = Release|Win32
		{DB16FBED-3587-41EE-B385-B1E6EB1E0AA2}.Release|Mixed Platforms.ActiveCfg = Release|Win32
		{DB16FBED-3587-41EE-B385-B1E6EB1E0AA2}.Release|Mixed Platforms.Build.0 = Release|Win32
		{DB16FBED-3587-41EE-B385-B1E6EB1E0AA2}.Release|Win32.ActiveCfg = Release|Win32
		{DB16FBED-3587-41EE-B385-B1E6EB1E0AA2}.Release|Win32.Build.0 = Release|Win32
		{DB16FBED-3587-41EE-B385-B1E6EB1E0AA2}.Release|x64.ActiveCfg = Release|Win32
		{DB16FBED-3587-41EE-B385-B1E6EB1E0AA2}.Release|x64.Build.0 = Release|Win32
		{B898C070-E039-4BFB-AD37-69F077872A19}.Debug CLR|Any CPU.ActiveCfg = Debug CLR|Win32
		{B898C070-E039-4BFB-AD37-69F077872A19}.Debug CLR|Mixed Platforms.ActiveCfg = Debug CLR|Win32
		{B898C070-E039-4BFB-AD37-69F077872A19}.Debug CLR|Mixed Platforms.Build.0 = Debug CLR|Win32
		{B898C070-E039-4BFB-AD37-69F077872A19}.Debug CLR|Win32.ActiveCfg = Debug CLR|Win32
		{B898C070-E039-4BFB-AD37-69F077872A19}.Debug CLR|Win32.Build.0 = Debug CLR|Win32
		{B898C070-E039-4BFB-AD37-69F077872A19}.Debug CLR|x64.ActiveCfg = Debug CLR|x64
		{B898C070-E039-4BFB-AD37-69F077872A19}.Debug CLR|x64.Build.0 = Debug CLR|x64
		{B898C070-E039-4BFB-AD37-69F077872A19}.Debug|Any CPU.ActiveCfg = Debug|Win32
		{B898C070-E039-4BFB-AD37-69F077872A19}.Debug|Mixed Platforms.ActiveCfg = Debug|Win32
		{B898C070-E039-4BFB-AD37-69F077872A19}.Debug|Mixed Platforms.Build.0 = Debug|Win32
		{B898C070-E039-4BFB-AD37-69F077872A19}.Debug|Win32.ActiveCfg = Debug|Win32
		{B898C070-E039-4BFB-AD37-69F077872A19}.Debug|Win32.Build.0 = Debug|Win32
		{B898C070-E039-4BFB-AD37-69F077872A19}.Debug|x64.ActiveCfg = Debug|Win32
		{B898C070-E039-4BFB-AD37-69F077872A19}.Debug|x64.Build.0 = Debug|Win32
		{B898C070-E039-4BFB-AD37-69F077872A19}.Release|Any CPU.ActiveCfg = Release|Win32
		{B898C070-E039-4BFB-AD37-69F077872A19}.Release|Mixed Platforms.ActiveCfg = Release|Win32
		{B898C070-E039-4BFB-AD37-69F077872A19}.Release|Mixed Platforms.Build.0 = Release|Win32
		{B898C070-E039-4BFB-AD37-69F077872A19}.Release|Win32.ActiveCfg = Release|Win32
		{B898C070-E039-4BFB-AD37-69F077872A19}.Release|Win32.Build.0 = Release|Win32
		{B898C070-E039-4BFB-AD37-69F077872A19}.Release|x64.ActiveCfg = Release|Win32
		{B898C070-E039-4BFB-AD37-69F077872A19}.Release|x64.Build.0 = Release|Win32
		{43A24C93-EAED-4102-A158-A85E63CF11FF}.Debug CLR|Any CPU.ActiveCfg = Debug CLR|Win32
		{43A24C93-EAED-4102-A158-A85E63CF11FF}.Debug CLR|Mixed Platforms.ActiveCfg = Debug CLR|Win32
		{43A24C93-EAED-4102-A158-A85E63CF11FF}.Debug CLR|Mixed Platforms.Build.0 = Debug CLR|Win32
		{43A24C93-EAED-4102-A158-A85E63CF11FF}.Debug CLR|Win32.ActiveCfg = Debug CLR|Win32
		{43A24C93-EAED-4102-A158-A85E63CF11FF}.Debug CLR|Win32.Build.0 = Debug CLR|Win32
		{43A24C93-EAED-4102-A158-A85E63CF11FF}.Debug CLR|x64.ActiveCfg = Debug CLR|x64
		{43A24C93-EAED-4102-A158-A85E63CF11FF}.Debug CLR|x64.Build.0 = Debug CLR|x64
		{43A24C93-EAED-4102-A158-A85E63CF11FF}.Debug|Any CPU.ActiveCfg = Debug|Win32
		{43A24C93-EAED-4102-A158-A85E63CF11FF}.Debug|Mixed Platforms.ActiveCfg = Debug|Win32
		{43A24C93-EAED-4102-A158-A85E63CF11FF}.Debug|Mixed Platforms.Build.0 = Debug|Win32
		{43A24C93-EAED-4102-A158-A85E63CF11FF}.Debug|Win32.ActiveCfg = Debug|Win32
		{43A24C93-EAED-4102-A158-A85E63CF11FF}.Debug|Win32.Build.0 = Debug|Win32
		{43A24C93-EAED-4102-A158-A85E63CF11FF}.Debug|x64.ActiveCfg = Debug|Win32
		{43A24C93-EAED-4102-A158-A85E63CF11FF}.Debug|x64.Build.0 = Debug|Win32
		{43A24C93-EAED-4102-A158-A85E63CF11FF}.Release|Any CPU.ActiveCfg = Release|Win32
		{43A24C93-EAED-4102-A158-A85E63CF11FF}.Release|Mixed Platforms.ActiveCfg = Release|Win32
		{43A24C93-EAED-4102-A158-A85E63CF11FF}.Release|Mixed Platforms.Build.0 = Release|Win32
		{43A24C93-EAED-4102-A158-A85E63CF11FF}.Release|Win32.ActiveCfg = Release|Win32
		{43A24C93-EAED-4102-A158-A85E63CF11FF}.Release|Win32.Build.0 = Release|Win32
		{43A24C93-EAED-4102-A158-A85E63CF11FF}.Release|x64.ActiveCfg = Release|Win32
		{43A24C93-EAED-4102-A158-A85E63CF11FF}.Release|x64.Build.0 = Release|Win32
		{03F3E21A-0F2E-42B4-BF0E-4F8B7EDBC906}.Debug CLR|Any CPU.ActiveCfg = Debug CLR|Win32
		{03F3E21A-0F2E-42B4-BF0E-4F8B7EDBC906}.Debug CLR|Mixed Platforms.ActiveCfg = Debug CLR|Win32
		{03F3E21A-0F2E-42B4-BF0E-4F8B7EDBC906}.Debug CLR|Mixed Platforms.Build.0 = Debug CLR|Win32
		{03F3E21A-0F2E-42B4-BF0E-4F8B7EDBC906}.Debug CLR|Win32.ActiveCfg = Debug CLR|Win32
		{03F3E21A-0F2E-42B4-BF0E-4F8B7EDBC906}.Debug CLR|Win32.Build.0 = Debug CLR|Win32
		{03F3E21A-0F2E-42B4-BF0E-4F8B7EDBC906}.Debug CLR|x64.ActiveCfg = Debug CLR|x64
		{03F3E21A-0F2E-42B4-BF0E-4F8B7EDBC906}.Debug CLR|x64.Build.0 = Debug CLR|x64
		{03F3E21A-0F2E-42B4-BF0E-4F8B7EDBC906}.Debug|Any CPU.ActiveCfg = Debug|Win32
		{03F3E21A-0F2E-42B4-BF0E-4F8B7EDBC906}.Debug|Mixed Platforms.ActiveCfg = Debug|Win32
		{03F3E21A-0F2E-42B4-BF0E-4F8B7EDBC906}.Debug|Mixed Platforms.Build.0 = Debug|Win32
		{03F3E21A-0F2E-42B4-BF0E-4F8B7EDBC906}.Debug|Win32.ActiveCfg = Debug|Win32
		{03F3E21A-0F2E-42B4-BF0E-4F8B7EDBC906}.Debug|Win32.Build.0 = Debug|Win32
		{03F3E21A-0F2E-42B4-BF0E-4F8B7EDBC906}.Debug|x64.ActiveCfg = Debug|Win32
		{03F3E21A-0F2E-42B4-BF0E-4F8B7EDBC906}.Debug|x64.Build.0 = Debug|Win32
		{03F3E21A-0F2E-42B4-BF0E-4F8B7EDBC906}.Release|Any CPU.ActiveCfg = Release|Win32
		{03F3E21A-0F2E-42B4-BF0E-4F8B7EDBC906}.Release|Mixed Platforms.ActiveCfg = Release|Win32
		{03F3E21A-0F2E-42B4-BF0E-4F8B7EDBC906}.Release|Mixed Platforms.Build.0 = Release|Win32
		{03F3E21A-0F2E-42B4-BF0E-4F8B7EDBC906}.Release|Win32.ActiveCfg = Release|Win32
		{03F3E21A-0F2E-42B4-BF0E-4F8B7EDBC906}.Release|Win32.Build.0 = Release|Win32
		{03F3E21A-0F2E-42B4-BF0E-4F8B7EDBC906}.Release|x64.ActiveCfg = Release|Win32
		{03F3E21A-0F2E-42B4-BF0E-4F8B7EDBC906}.Release|x64.Build.0 = Release|Win32
		{97B4165C-08B3-452F-8184-DE7C20586C77}.Debug CLR|Any CPU.ActiveCfg = Debug CLR|Win32
		{97B4165C-08B3-452F-8184-DE7C20586C77}.Debug CLR|Mixed Platforms.ActiveCfg = Debug CLR|Win32
		{97B4165C-08B3-452F-8184-DE7C20586C77}.Debug CLR|Mixed Platforms.Build.0 = Debug CLR|Win32
		{97B4165C-08B3-452F-8184-DE7C20586C77}.Debug CLR|Win32.ActiveCfg = Debug CLR|Win32
		{97B4165C-08B3-452F-8184-DE7C20586C77}.Debug CLR|Win32.Build.0 = Debug CLR|Win32
		{97B4165C-08B3-452F-8184-DE7C20586C77}.Debug CLR|x64.ActiveCfg = Debug CLR|x64
		{97B4165C-08B3-452F-8184-DE7C20586C77}.Debug CLR|x64.Build.0 = Debug CLR|x64
		{97B4165C-08B3-452F-8184-DE7C20586C77}.Debug|Any CPU.ActiveCfg = Debug|Win32
		{97B4165C-08B3-452F-8184-DE7C20586C77}.Debug|Mixed Platforms.ActiveCfg = Debug|Win32
		{97B4165C-08B3-452F-8184-DE7C20586C77}.Debug|Mixed Platforms.Build.0 = Debug|Win32
		{97B4165C-08B3-452F-8184-DE7C20586C77}.Debug|Win32.ActiveCfg = Debug|Win32
		{97B4165C-08B3-452F-8184-DE7C20586C77}.Debug|Win32.Build.0 = Debug|Win32
		{97B4165C-08B3-452F-8184-DE7C20586C77}.Debug|x64.ActiveCfg = Debug|Win32
		{97B4165C-08B3-452F-8184-DE7C20586C77}.Debug|x64.Build.0 = Debug|Win32
		{97B4165C-08B3-452F-8184-DE7C20586C77}.Release|Any CPU.ActiveCfg = Release|Win32
		{97B4165C-08B3-452F-8184-DE7C20586C77}.Release|Mixed Platforms.ActiveCfg = Release|Win32
		{97B4165C-08B3-452F-8184-DE7C20586C77}.Release|Mixed Platforms.Build.0 = Release|Win32
		{97B4165C-08B3-452F-8184-DE7C20586C77}.Release|Win32.ActiveCfg = Release|Win32
		{97B4165C-08B3-452F-8184-DE7C20586C77}.Release|Win32.Build.0 = Release|Win32
		{97B4165C-08B3-452F-8184-DE7C20586C77}.Release|x64.ActiveCfg = Release|Win32
		{97B4165C-08B3-452F-8184-DE7C20586C77}.Release|x64.Build.0 = Release|Win32
		{9EEA274D-6130-40CD-A32D-4669866BDBA1}.Debug CLR|Any CPU.ActiveCfg = Debug CLR|Win32
		{9EEA274D-6130-40CD-A32D-4669866BDBA1}.Debug CLR|Mixed Platforms.ActiveCfg = Debug CLR|Win32
		{9EEA274D-6130-40CD-A32D-4669866BDBA1}.Debug CLR|Mixed Platforms.Build.0 = Debug CLR|Win32
		{9EEA274D-6130-40CD-A32D-4669866BDBA1}.Debug CLR|Win32.ActiveCfg = Debug CLR|Win32
		{9EEA274D-6130-40CD-A32D-4669866BDBA1}.Debug CLR|Win32.Build.0 = Debug CLR|Win32
		{9EEA274D-6130-40CD-A32D-4669866BDBA1}.Debug CLR|x64.ActiveCfg = Debug CLR|Win32
		{9EEA274D-6130-40CD-A32D-4669866BDBA1}.Debug|Any CPU.ActiveCfg = Debug|Win32
		{9EEA274D-6130-40CD-A32D-4669866BDBA1}.Debug|Mixed Platforms.ActiveCfg = Debug|Win32
		{9EEA274D-6130-40CD-A32D-4669866BDBA1}.Debug|Mixed Platforms.Build.0 = Debug|Win32
		{9EEA274D-6130-40CD-A32D-4669866BDBA1}.Debug|Win32.ActiveCfg = Debug|Win32
		{9EEA274D-6130-40CD-A32D-4669866BDBA1}.Debug|Win32.Build.0 = Debug|Win32
		{9EEA274D-6130-40CD-A32D-4669866BDBA1}.Debug|x64.ActiveCfg = Debug|Win32
		{9EEA274D-6130-40CD-A32D-4669866BDBA1}.Debug|x64.Build.0 = Debug|Win32
		{9EEA274D-6130-40CD-A32D-4669866BDBA1}.Release|Any CPU.ActiveCfg = Release|Win32
		{9EEA274D-6130-40CD-A32D-4669866BDBA1}.Release|Mixed Platforms.ActiveCfg = Release|Win32
		{9EEA274D-6130-40CD-A32D-4669866BDBA1}.Release|Mixed Platforms.Build.0 = Release|Win32
		{9EEA274D-6130-40CD-A32D-4669866BDBA1}.Release|Win32.ActiveCfg = Release|Win32
		{9EEA274D-6130-40CD-A32D-4669866BDBA1}.Release|Win32.Build.0 = Release|Win32
		{9EEA274D-6130-40CD-A32D-4669866BDBA1}.Release|x64.ActiveCfg = Release|Win32
		{9EEA274D-6130-40CD-A32D-4669866BDBA1}.Release|x64.Build.0 = Release|Win32
		{1DB2A409-8FEA-4786-9AB9-3917818FEE71}.Debug CLR|Any CPU.ActiveCfg = Debug CLR|Win32
		{1DB2A409-8FEA-4786-9AB9-3917818FEE71}.Debug CLR|Mixed Platforms.ActiveCfg = Debug CLR|Win32
		{1DB2A409-8FEA-4786-9AB9-3917818FEE71}.Debug CLR|Mixed Platforms.Build.0 = Debug CLR|Win32
		{1DB2A409-8FEA-4786-9AB9-3917818FEE71}.Debug CLR|Win32.ActiveCfg = Debug CLR|Win32
		{1DB2A409-8FEA-4786-9AB9-3917818FEE71}.Debug CLR|Win32.Build.0 = Debug CLR|Win32
		{1DB2A409-8FEA-4786-9AB9-3917818FEE71}.Debug CLR|x64.ActiveCfg = Debug CLR|Win32
		{1DB2A409-8FEA-4786-9AB9-3917818FEE71}.Debug|Any CPU.ActiveCfg = Debug|Win32
		{1DB2A409-8FEA-4786-9AB9-3917818FEE71}.Debug|Mixed Platforms.ActiveCfg = Debug|Win32
		{1DB2A409-8FEA-4786-9AB9-3917818FEE71}.Debug|Mixed Platforms.Build.0 = Debug|Win32
		{1DB2A409-8FEA-4786-9AB9-3917818FEE71}.Debug|Win32.ActiveCfg = Debug|Win32
		{1DB2A409-8FEA-4786-9AB9-3917818FEE71}.Debug|Win32.Build.0 = Debug|Win32
		{1DB2A409-8FEA-4786-9AB9-3917818FEE71}.Debug|x64.ActiveCfg = Debug|Win32
		{1DB2A409-8FEA-4786-9AB9-3917818FEE71}.Release|Any CPU.ActiveCfg = Release|Win32
		{1DB2A409-8FEA-4786-9AB9-3917818FEE71}.Release|Mixed Platforms.ActiveCfg = Release|Win32
		{1DB2A409-8FEA-4786-9AB9-3917818FEE71}.Release|Mixed Platforms.Build.0 = Release|Win32
		{1DB2A409-8FEA-4786-9AB9-3917818FEE71}.Release|Win32.ActiveCfg = Release|Win32
		{1DB2A409-8FEA-4786-9AB9-3917818FEE71}.Release|Win32.Build.0 = Release|Win32
		{1DB2A409-8FEA-4786-9AB9-3917818FEE71}.Release|x64.ActiveCfg = Release|Win32
		{4CC21857-4D58-4780-8CFD-8035A69D2EB8}.Debug CLR|Any CPU.ActiveCfg = Debug CLR|Win32
		{4CC21857-4D58-4780-8CFD-8035A69D2EB8}.Debug CLR|Mixed Platforms.ActiveCfg = Debug CLR|Win32
		{4CC21857-4D58-4780-8CFD-8035A69D2EB8}.Debug CLR|Mixed Platforms.Build.0 = Debug CLR|Win32
		{4CC21857-4D58-4780-8CFD-8035A69D2EB8}.Debug CLR|Win32.ActiveCfg = Debug CLR|Win32
		{4CC21857-4D58-4780-8CFD-8035A69D2EB8}.Debug CLR|Win32.Build.0 = Debug CLR|Win32
		{4CC21857-4D58-4780-8CFD-8035A69D2EB8}.Debug CLR|x64.ActiveCfg = Debug CLR|Win32
		{4CC21857-4D58-4780-8CFD-8035A69D2EB8}.Debug|Any CPU.ActiveCfg = Debug|Win32
		{4CC21857-4D58-4780-8CFD-8035A69D2EB8}.Debug|Mixed Platforms.ActiveCfg = Debug|Win32
		{4CC21857-4D58-4780-8CFD-8035A69D2EB8}.Debug|Mixed Platforms.Build.0 = Debug|Win32
		{4CC21857-4D58-4780-8CFD-8035A69D2EB8}.Debug|Win32.ActiveCfg = Debug|Win32
		{4CC21857-4D58-4780-8CFD-8035A69D2EB8}.Debug|Win32.Build.0 = Debug|Win32
		{4CC21857-4D58-4780-8CFD-8035A69D2EB8}.Debug|x64.ActiveCfg = Debug|Win32
		{4CC21857-4D58-4780-8CFD-8035A69D2EB8}.Release|Any CPU.ActiveCfg = Release|Win32
		{4CC21857-4D58-4780-8CFD-8035A69D2EB8}.Release|Mixed Platforms.ActiveCfg = Release|Win32
		{4CC21857-4D58-4780-8CFD-8035A69D2EB8}.Release|Mixed Platforms.Build.0 = Release|Win32
		{4CC21857-4D58-4780-8CFD-8035A69D2EB8}.Release|Win32.ActiveCfg = Release|Win32
		{4CC21857-4D58-4780-8CFD-8035A69D2EB8}.Release|Win32.Build.0 = Release|Win32
		{4CC21857-4D58-4780-8CFD-8035A69D2EB8}.Release|x64.ActiveCfg = Release|Win32
	EndGlobalSection
	GlobalSection(SolutionProperties) = preSolution
		HideSolutionNode = FALSE
	EndGlobalSection
EndGlobal
